
Microsoft Visual Studio Solution File, Format Version 12.00
# Visual Studio 2017
Project("{FAE04EC0-301F-11D3-BF4B-00C04F79EFBC}") = "Pigs In A Blanket", "Pigs In A Blanket.csproj", "{B2CF8FBF-F60A-8B43-62A9-5106B6200CE4}"
EndProject
Project("{FAE04EC0-301F-11D3-BF4B-00C04F79EFBC}") = "Pigs In A Blanket.Editor", "Pigs In A Blanket.Editor.csproj", "{F1AFD912-2530-FDFE-9BC2-3A038C3134B1}"
EndProject
Global
	GlobalSection(SolutionConfigurationPlatforms) = preSolution
		Debug|Any CPU = Debug|Any CPU
		Release|Any CPU = Release|Any CPU
	EndGlobalSection
	GlobalSection(ProjectConfigurationPlatforms) = postSolution
		{B2CF8FBF-F60A-8B43-62A9-5106B6200CE4}.Debug|Any CPU.ActiveCfg = Debug|Any CPU
		{B2CF8FBF-F60A-8B43-62A9-5106B6200CE4}.Debug|Any CPU.Build.0 = Debug|Any CPU
		{B2CF8FBF-F60A-8B43-62A9-5106B6200CE4}.Release|Any CPU.ActiveCfg = Release|Any CPU
		{B2CF8FBF-F60A-8B43-62A9-5106B6200CE4}.Release|Any CPU.Build.0 = Release|Any CPU
		{F1AFD912-2530-FDFE-9BC2-3A038C3134B1}.Debug|Any CPU.ActiveCfg = Debug|Any CPU
		{F1AFD912-2530-FDFE-9BC2-3A038C3134B1}.Debug|Any CPU.Build.0 = Debug|Any CPU
		{F1AFD912-2530-FDFE-9BC2-3A038C3134B1}.Release|Any CPU.ActiveCfg = Release|Any CPU
		{F1AFD912-2530-FDFE-9BC2-3A038C3134B1}.Release|Any CPU.Build.0 = Release|Any CPU
	EndGlobalSection
	GlobalSection(SolutionProperties) = preSolution
		HideSolutionNode = FALSE
	EndGlobalSection
EndGlobal
